
Microsoft Visual Studio Solution File, Format Version 12.00
# Visual Studio Version 17
VisualStudioVersion = 17.14.36310.24 d17.14
MinimumVisualStudioVersion = 10.0.40219.1
Project("{8BC9CEB8-8B4A-11D0-8D11-00A0C91BC942}") = "shader", "shader.vcxproj", "{6FCA3968-9EF9-4EDF-8948-2D49CD6D6CA4}"
EndProject
Global
	GlobalSection(SolutionConfigurationPlatforms) = preSolution
		Debug|x64 = Debug|x64
		Debug|x86 = Debug|x86
		Release|x64 = Release|x64
		Release|x86 = Release|x86
	EndGlobalSection
	GlobalSection(ProjectConfigurationPlatforms) = postSolution
		{6FCA3968-9EF9-4EDF-8948-2D49CD6D6CA4}.Debug|x64.ActiveCfg = Debug|x64
		{6FCA3968-9EF9-4EDF-8948-2D49CD6D6CA4}.Debug|x64.Build.0 = Debug|x64
		{6FCA3968-9EF9-4EDF-8948-2D49CD6D6CA4}.Debug|x86.ActiveCfg = Debug|Win32
		{6FCA3968-9EF9-4EDF-8948-2D49CD6D6CA4}.Debug|x86.Build.0 = Debug|Win32
		{6FCA3968-9EF9-4EDF-8948-2D49CD6D6CA4}.Release|x64.ActiveCfg = Release|x64
		{6FCA3968-9EF9-4EDF-8948-2D49CD6D6CA4}.Release|x64.Build.0 = Release|x64
		{6FCA3968-9EF9-4EDF-8948-2D49CD6D6CA4}.Release|x86.ActiveCfg = Release|Win32
		{6FCA3968-9EF9-4EDF-8948-2D49CD6D6CA4}.Release|x86.Build.0 = Release|Win32
	EndGlobalSection
	GlobalSection(SolutionProperties) = preSolution
		HideSolutionNode = FALSE
	EndGlobalSection
	GlobalSection(ExtensibilityGlobals) = postSolution
		SolutionGuid = {31AE6FEF-FA00-4502-A440-BC9C325A53EE}
	EndGlobalSection
EndGlobal
